
Microsoft Visual Studio Solution File, Format Version 12.00
# Visual Studio Version 17
VisualStudioVersion = 17.5.33414.496
MinimumVisualStudioVersion = 10.0.40219.1
Project("{FAE04EC0-301F-11D3-BF4B-00C04F79EFBC}") = "FileSender_TCP_REST_API", "Testowy_Mobile\FileSender_TCP_REST_API.csproj", "{893A4A99-BFF9-48B9-A51B-950D31B59D44}"
EndProject
Global
	GlobalSection(SolutionConfigurationPlatforms) = preSolution
		Debug|Any CPU = Debug|Any CPU
		Release|Any CPU = Release|Any CPU
	EndGlobalSection
	GlobalSection(ProjectConfigurationPlatforms) = postSolution
		{893A4A99-BFF9-48B9-A51B-950D31B59D44}.Debug|Any CPU.ActiveCfg = Debug|Any CPU
		{893A4A99-BFF9-48B9-A51B-950D31B59D44}.Debug|Any CPU.Build.0 = Debug|Any CPU
		{893A4A99-BFF9-48B9-A51B-950D31B59D44}.Debug|Any CPU.Deploy.0 = Debug|Any CPU
		{893A4A99-BFF9-48B9-A51B-950D31B59D44}.Release|Any CPU.ActiveCfg = Release|Any CPU
		{893A4A99-BFF9-48B9-A51B-950D31B59D44}.Release|Any CPU.Build.0 = Release|Any CPU
		{893A4A99-BFF9-48B9-A51B-950D31B59D44}.Release|Any CPU.Deploy.0 = Release|Any CPU
	EndGlobalSection
	GlobalSection(SolutionProperties) = preSolution
		HideSolutionNode = FALSE
	EndGlobalSection
	GlobalSection(ExtensibilityGlobals) = postSolution
		SolutionGuid = {44A05D67-DA2B-4D53-80CA-8555CFABF172}
	EndGlobalSection
EndGlobal
